
Microsoft Visual Studio Solution File, Format Version 12.00
# Visual Studio Version 16
VisualStudioVersion = 16.0.31105.61
MinimumVisualStudioVersion = 10.0.40219.1
Project("{FAE04EC0-301F-11D3-BF4B-00C04F79EFBC}") = "TicketSystem", "TicketSystem\TicketSystem.csproj", "{025228B3-F5FD-4244-A7B4-50F3D947E876}"
EndProject
Global
	GlobalSection(SolutionConfigurationPlatforms) = preSolution
		Debug|Any CPU = Debug|Any CPU
		Release|Any CPU = Release|Any CPU
	EndGlobalSection
	GlobalSection(ProjectConfigurationPlatforms) = postSolution
		{025228B3-F5FD-4244-A7B4-50F3D947E876}.Debug|Any CPU.ActiveCfg = Debug|Any CPU
		{025228B3-F5FD-4244-A7B4-50F3D947E876}.Debug|Any CPU.Build.0 = Debug|Any CPU
		{025228B3-F5FD-4244-A7B4-50F3D947E876}.Release|Any CPU.ActiveCfg = Release|Any CPU
		{025228B3-F5FD-4244-A7B4-50F3D947E876}.Release|Any CPU.Build.0 = Release|Any CPU
	EndGlobalSection
	GlobalSection(SolutionProperties) = preSolution
		HideSolutionNode = FALSE
	EndGlobalSection
	GlobalSection(ExtensibilityGlobals) = postSolution
		SolutionGuid = {F3FFA036-C6B8-4431-AAA7-C65E165425D4}
	EndGlobalSection
EndGlobal
